
Microsoft Visual Studio Solution File, Format Version 12.00
# Visual Studio Version 16
VisualStudioVersion = 16.0.31729.503
MinimumVisualStudioVersion = 10.0.40219.1
Project("{FAE04EC0-301F-11D3-BF4B-00C04F79EFBC}") = "AS2122_3G_INF_BuonoFilippo_ProvaMatrici-prova-", "AS2122_3G_INF_BuonoFilippo_ProvaMatrici-prova-\AS2122_3G_INF_BuonoFilippo_ProvaMatrici-prova-.csproj", "{63B96E1D-E156-476F-93C5-522B5AFAE819}"
EndProject
Global
	GlobalSection(SolutionConfigurationPlatforms) = preSolution
		Debug|Any CPU = Debug|Any CPU
		Release|Any CPU = Release|Any CPU
	EndGlobalSection
	GlobalSection(ProjectConfigurationPlatforms) = postSolution
		{63B96E1D-E156-476F-93C5-522B5AFAE819}.Debug|Any CPU.ActiveCfg = Debug|Any CPU
		{63B96E1D-E156-476F-93C5-522B5AFAE819}.Debug|Any CPU.Build.0 = Debug|Any CPU
		{63B96E1D-E156-476F-93C5-522B5AFAE819}.Release|Any CPU.ActiveCfg = Release|Any CPU
		{63B96E1D-E156-476F-93C5-522B5AFAE819}.Release|Any CPU.Build.0 = Release|Any CPU
	EndGlobalSection
	GlobalSection(SolutionProperties) = preSolution
		HideSolutionNode = FALSE
	EndGlobalSection
	GlobalSection(ExtensibilityGlobals) = postSolution
		SolutionGuid = {E671EF3C-6FD7-4418-83DE-4E5FB3183E33}
	EndGlobalSection
EndGlobal
